# This file is generated by running "yarn install" inside your project.
# Manual changes might be lost - proceed with caution!

__metadata:
  version: 4

"@localscope/dep@*, @localscope/dep@workspace:packages/dep":
  version: 0.0.0-use.local
  resolution: "@localscope/dep@workspace:packages/dep"
  dependencies:
    typescript: ^3.9.3
  languageName: unknown
  linkType: soft

"@types/node@npm:^14.0.5":
  version: 14.0.5
  resolution: "@types/node@npm:14.0.5"
  checksum: 3/38a9f9b66c2657b4ba520e40073369d4a33438dd45f9c001d98a7cda40e88a5ea28485c320fa00fc706b5473b549cacc9a8b9796e4d69681c032619e12f73f7d
  languageName: node
  linkType: hard

"main@workspace:packages/main":
  version: 0.0.0-use.local
  resolution: "main@workspace:packages/main"
  dependencies:
    "@localscope/dep": "*"
    "@types/node": ^14.0.5
    typescript: ^3.9.3
  languageName: unknown
  linkType: soft

"tsrootsrc-yarnv2@workspace:.":
  version: 0.0.0-use.local
  resolution: "tsrootsrc-yarnv2@workspace:."
  languageName: unknown
  linkType: soft

typescript@^3.9.3:
  version: 3.9.3
  resolution: "typescript@npm:3.9.3"
  bin:
    tsc: bin/tsc
    tsserver: bin/tsserver
  checksum: 3/f05e6f1c50c635bd7afc95fbc9eb704042b5bec9a77b9c86ddc0c56650c928617d608b9ec9aa468d7b4cf14ac1ea5f540c540c725005a179b54a86665abd9a55
  languageName: node
  linkType: hard

"typescript@patch:typescript@^3.9.3#builtin<compat/typescript>":
  version: 3.9.3
  resolution: "typescript@patch:typescript@npm%3A3.9.3#builtin<compat/typescript>::version=3.9.3&hash=8cac75"
  bin:
    tsc: bin/tsc
    tsserver: bin/tsserver
  checksum: 3/a3780f6fdf0502bb152a3ad56cd004db46f70496f1b8317657d9e89dd93c911483625fd25867d6aec1cd2854ccf036ecc614989c9f1b36bec2d5daffa9bfc230
  languageName: node
  linkType: hard
